
Microsoft Visual Studio Solution File, Format Version 12.00
# Visual Studio Version 16
VisualStudioVersion = 16.0.34301.259
MinimumVisualStudioVersion = 10.0.40219.1
Project("{FAE04EC0-301F-11D3-BF4B-00C04F79EFBC}") = "LFSMEO", "LFSMEO\LFSMEO.csproj", "{7C488242-29C2-4687-8933-FAE874C6AA80}"
EndProject
Project("{2150E333-8FDC-42A3-9474-1A3956D46DE8}") = "Machine", "Machine", "{60337BAF-0BEF-44E8-99AA-5EB742100C9B}"
EndProject
Project("{FAE04EC0-301F-11D3-BF4B-00C04F79EFBC}") = "ProbeTester", "ProbeTester\ProbeTester.csproj", "{E38566F8-A449-4E97-AF5E-D5B50A5FF910}"
EndProject
Project("{2150E333-8FDC-42A3-9474-1A3956D46DE8}") = "Device", "Device", "{C1BC67B0-D3E5-4E39-B51B-277DEBF16BFE}"
EndProject
Project("{FAE04EC0-301F-11D3-BF4B-00C04F79EFBC}") = "Motion_IO_Card", "Motion_IO_Card\Motion_IO_Card.csproj", "{4D3C907C-44FB-4457-8522-A168556CFBD5}"
EndProject
Project("{FAE04EC0-301F-11D3-BF4B-00C04F79EFBC}") = "DeviceCore", "DeviceCore\DeviceCore.csproj", "{984A1DB1-08F4-4BFD-8FCE-B78C97BBB83F}"
EndProject
Project("{FAE04EC0-301F-11D3-BF4B-00C04F79EFBC}") = "DeviceUI", "DeviceUI\DeviceUI.csproj", "{78FCBDD7-F840-449E-9A6F-4F86889DB2A7}"
EndProject
Project("{2150E333-8FDC-42A3-9474-1A3956D46DE8}") = "Tool", "Tool", "{E5C5C6A1-DABE-4ACE-B83D-A636F1D2A5F6}"
EndProject
Project("{FAE04EC0-301F-11D3-BF4B-00C04F79EFBC}") = "ToolFunction", "..\CSharpApp\ToolFunction\ToolFunction.csproj", "{77B8D9D2-9F73-4CE7-9B42-9EDE2A5B6945}"
EndProject
Global
	GlobalSection(SolutionConfigurationPlatforms) = preSolution
		Debug|Any CPU = Debug|Any CPU
		Debug|ARM = Debug|ARM
		Debug|ARM64 = Debug|ARM64
		Debug|x64 = Debug|x64
		Debug|x86 = Debug|x86
		Release|Any CPU = Release|Any CPU
		Release|ARM = Release|ARM
		Release|ARM64 = Release|ARM64
		Release|x64 = Release|x64
		Release|x86 = Release|x86
	EndGlobalSection
	GlobalSection(ProjectConfigurationPlatforms) = postSolution
		{7C488242-29C2-4687-8933-FAE874C6AA80}.Debug|Any CPU.ActiveCfg = Debug|Any CPU
		{7C488242-29C2-4687-8933-FAE874C6AA80}.Debug|Any CPU.Build.0 = Debug|Any CPU
		{7C488242-29C2-4687-8933-FAE874C6AA80}.Debug|ARM.ActiveCfg = Debug|Any CPU
		{7C488242-29C2-4687-8933-FAE874C6AA80}.Debug|ARM.Build.0 = Debug|Any CPU
		{7C488242-29C2-4687-8933-FAE874C6AA80}.Debug|ARM64.ActiveCfg = Debug|Any CPU
		{7C488242-29C2-4687-8933-FAE874C6AA80}.Debug|ARM64.Build.0 = Debug|Any CPU
		{7C488242-29C2-4687-8933-FAE874C6AA80}.Debug|x64.ActiveCfg = Debug|Any CPU
		{7C488242-29C2-4687-8933-FAE874C6AA80}.Debug|x64.Build.0 = Debug|Any CPU
		{7C488242-29C2-4687-8933-FAE874C6AA80}.Debug|x86.ActiveCfg = Debug|Any CPU
		{7C488242-29C2-4687-8933-FAE874C6AA80}.Debug|x86.Build.0 = Debug|Any CPU
		{7C488242-29C2-4687-8933-FAE874C6AA80}.Release|Any CPU.ActiveCfg = Release|Any CPU
		{7C488242-29C2-4687-8933-FAE874C6AA80}.Release|Any CPU.Build.0 = Release|Any CPU
		{7C488242-29C2-4687-8933-FAE874C6AA80}.Release|ARM.ActiveCfg = Release|Any CPU
		{7C488242-29C2-4687-8933-FAE874C6AA80}.Release|ARM.Build.0 = Release|Any CPU
		{7C488242-29C2-4687-8933-FAE874C6AA80}.Release|ARM64.ActiveCfg = Release|Any CPU
		{7C488242-29C2-4687-8933-FAE874C6AA80}.Release|ARM64.Build.0 = Release|Any CPU
		{7C488242-29C2-4687-8933-FAE874C6AA80}.Release|x64.ActiveCfg = Release|Any CPU
		{7C488242-29C2-4687-8933-FAE874C6AA80}.Release|x64.Build.0 = Release|Any CPU
		{7C488242-29C2-4687-8933-FAE874C6AA80}.Release|x86.ActiveCfg = Release|Any CPU
		{7C488242-29C2-4687-8933-FAE874C6AA80}.Release|x86.Build.0 = Release|Any CPU
		{E38566F8-A449-4E97-AF5E-D5B50A5FF910}.Debug|Any CPU.ActiveCfg = Debug|Any CPU
		{E38566F8-A449-4E97-AF5E-D5B50A5FF910}.Debug|Any CPU.Build.0 = Debug|Any CPU
		{E38566F8-A449-4E97-AF5E-D5B50A5FF910}.Debug|ARM.ActiveCfg = Debug|Any CPU
		{E38566F8-A449-4E97-AF5E-D5B50A5FF910}.Debug|ARM.Build.0 = Debug|Any CPU
		{E38566F8-A449-4E97-AF5E-D5B50A5FF910}.Debug|ARM64.ActiveCfg = Debug|Any CPU
		{E38566F8-A449-4E97-AF5E-D5B50A5FF910}.Debug|ARM64.Build.0 = Debug|Any CPU
		{E38566F8-A449-4E97-AF5E-D5B50A5FF910}.Debug|x64.ActiveCfg = Debug|Any CPU
		{E38566F8-A449-4E97-AF5E-D5B50A5FF910}.Debug|x64.Build.0 = Debug|Any CPU
		{E38566F8-A449-4E97-AF5E-D5B50A5FF910}.Debug|x86.ActiveCfg = Debug|Any CPU
		{E38566F8-A449-4E97-AF5E-D5B50A5FF910}.Debug|x86.Build.0 = Debug|Any CPU
		{E38566F8-A449-4E97-AF5E-D5B50A5FF910}.Release|Any CPU.ActiveCfg = Release|Any CPU
		{E38566F8-A449-4E97-AF5E-D5B50A5FF910}.Release|Any CPU.Build.0 = Release|Any CPU
		{E38566F8-A449-4E97-AF5E-D5B50A5FF910}.Release|ARM.ActiveCfg = Release|Any CPU
		{E38566F8-A449-4E97-AF5E-D5B50A5FF910}.Release|ARM.Build.0 = Release|Any CPU
		{E38566F8-A449-4E97-AF5E-D5B50A5FF910}.Release|ARM64.ActiveCfg = Release|Any CPU
		{E38566F8-A449-4E97-AF5E-D5B50A5FF910}.Release|ARM64.Build.0 = Release|Any CPU
		{E38566F8-A449-4E97-AF5E-D5B50A5FF910}.Release|x64.ActiveCfg = Release|Any CPU
		{E38566F8-A449-4E97-AF5E-D5B50A5FF910}.Release|x64.Build.0 = Release|Any CPU
		{E38566F8-A449-4E97-AF5E-D5B50A5FF910}.Release|x86.ActiveCfg = Release|Any CPU
		{E38566F8-A449-4E97-AF5E-D5B50A5FF910}.Release|x86.Build.0 = Release|Any CPU
		{4D3C907C-44FB-4457-8522-A168556CFBD5}.Debug|Any CPU.ActiveCfg = Debug|Any CPU
		{4D3C907C-44FB-4457-8522-A168556CFBD5}.Debug|Any CPU.Build.0 = Debug|Any CPU
		{4D3C907C-44FB-4457-8522-A168556CFBD5}.Debug|ARM.ActiveCfg = Debug|Any CPU
		{4D3C907C-44FB-4457-8522-A168556CFBD5}.Debug|ARM.Build.0 = Debug|Any CPU
		{4D3C907C-44FB-4457-8522-A168556CFBD5}.Debug|ARM64.ActiveCfg = Debug|Any CPU
		{4D3C907C-44FB-4457-8522-A168556CFBD5}.Debug|ARM64.Build.0 = Debug|Any CPU
		{4D3C907C-44FB-4457-8522-A168556CFBD5}.Debug|x64.ActiveCfg = Debug|Any CPU
		{4D3C907C-44FB-4457-8522-A168556CFBD5}.Debug|x64.Build.0 = Debug|Any CPU
		{4D3C907C-44FB-4457-8522-A168556CFBD5}.Debug|x86.ActiveCfg = Debug|Any CPU
		{4D3C907C-44FB-4457-8522-A168556CFBD5}.Debug|x86.Build.0 = Debug|Any CPU
		{4D3C907C-44FB-4457-8522-A168556CFBD5}.Release|Any CPU.ActiveCfg = Release|Any CPU
		{4D3C907C-44FB-4457-8522-A168556CFBD5}.Release|Any CPU.Build.0 = Release|Any CPU
		{4D3C907C-44FB-4457-8522-A168556CFBD5}.Release|ARM.ActiveCfg = Release|Any CPU
		{4D3C907C-44FB-4457-8522-A168556CFBD5}.Release|ARM.Build.0 = Release|Any CPU
		{4D3C907C-44FB-4457-8522-A168556CFBD5}.Release|ARM64.ActiveCfg = Release|Any CPU
		{4D3C907C-44FB-4457-8522-A168556CFBD5}.Release|ARM64.Build.0 = Release|Any CPU
		{4D3C907C-44FB-4457-8522-A168556CFBD5}.Release|x64.ActiveCfg = Release|Any CPU
		{4D3C907C-44FB-4457-8522-A168556CFBD5}.Release|x64.Build.0 = Release|Any CPU
		{4D3C907C-44FB-4457-8522-A168556CFBD5}.Release|x86.ActiveCfg = Release|Any CPU
		{4D3C907C-44FB-4457-8522-A168556CFBD5}.Release|x86.Build.0 = Release|Any CPU
		{984A1DB1-08F4-4BFD-8FCE-B78C97BBB83F}.Debug|Any CPU.ActiveCfg = Debug|Any CPU
		{984A1DB1-08F4-4BFD-8FCE-B78C97BBB83F}.Debug|Any CPU.Build.0 = Debug|Any CPU
		{984A1DB1-08F4-4BFD-8FCE-B78C97BBB83F}.Debug|ARM.ActiveCfg = Debug|Any CPU
		{984A1DB1-08F4-4BFD-8FCE-B78C97BBB83F}.Debug|ARM.Build.0 = Debug|Any CPU
		{984A1DB1-08F4-4BFD-8FCE-B78C97BBB83F}.Debug|ARM64.ActiveCfg = Debug|Any CPU
		{984A1DB1-08F4-4BFD-8FCE-B78C97BBB83F}.Debug|ARM64.Build.0 = Debug|Any CPU
		{984A1DB1-08F4-4BFD-8FCE-B78C97BBB83F}.Debug|x64.ActiveCfg = Debug|Any CPU
		{984A1DB1-08F4-4BFD-8FCE-B78C97BBB83F}.Debug|x64.Build.0 = Debug|Any CPU
		{984A1DB1-08F4-4BFD-8FCE-B78C97BBB83F}.Debug|x86.ActiveCfg = Debug|Any CPU
		{984A1DB1-08F4-4BFD-8FCE-B78C97BBB83F}.Debug|x86.Build.0 = Debug|Any CPU
		{984A1DB1-08F4-4BFD-8FCE-B78C97BBB83F}.Release|Any CPU.ActiveCfg = Release|Any CPU
		{984A1DB1-08F4-4BFD-8FCE-B78C97BBB83F}.Release|Any CPU.Build.0 = Release|Any CPU
		{984A1DB1-08F4-4BFD-8FCE-B78C97BBB83F}.Release|ARM.ActiveCfg = Release|Any CPU
		{984A1DB1-08F4-4BFD-8FCE-B78C97BBB83F}.Release|ARM.Build.0 = Release|Any CPU
		{984A1DB1-08F4-4BFD-8FCE-B78C97BBB83F}.Release|ARM64.ActiveCfg = Release|Any CPU
		{984A1DB1-08F4-4BFD-8FCE-B78C97BBB83F}.Release|ARM64.Build.0 = Release|Any CPU
		{984A1DB1-08F4-4BFD-8FCE-B78C97BBB83F}.Release|x64.ActiveCfg = Release|Any CPU
		{984A1DB1-08F4-4BFD-8FCE-B78C97BBB83F}.Release|x64.Build.0 = Release|Any CPU
		{984A1DB1-08F4-4BFD-8FCE-B78C97BBB83F}.Release|x86.ActiveCfg = Release|Any CPU
		{984A1DB1-08F4-4BFD-8FCE-B78C97BBB83F}.Release|x86.Build.0 = Release|Any CPU
		{78FCBDD7-F840-449E-9A6F-4F86889DB2A7}.Debug|Any CPU.ActiveCfg = Debug|Any CPU
		{78FCBDD7-F840-449E-9A6F-4F86889DB2A7}.Debug|Any CPU.Build.0 = Debug|Any CPU
		{78FCBDD7-F840-449E-9A6F-4F86889DB2A7}.Debug|ARM.ActiveCfg = Debug|Any CPU
		{78FCBDD7-F840-449E-9A6F-4F86889DB2A7}.Debug|ARM.Build.0 = Debug|Any CPU
		{78FCBDD7-F840-449E-9A6F-4F86889DB2A7}.Debug|ARM64.ActiveCfg = Debug|Any CPU
		{78FCBDD7-F840-449E-9A6F-4F86889DB2A7}.Debug|ARM64.Build.0 = Debug|Any CPU
		{78FCBDD7-F840-449E-9A6F-4F86889DB2A7}.Debug|x64.ActiveCfg = Debug|Any CPU
		{78FCBDD7-F840-449E-9A6F-4F86889DB2A7}.Debug|x64.Build.0 = Debug|Any CPU
		{78FCBDD7-F840-449E-9A6F-4F86889DB2A7}.Debug|x86.ActiveCfg = Debug|Any CPU
		{78FCBDD7-F840-449E-9A6F-4F86889DB2A7}.Debug|x86.Build.0 = Debug|Any CPU
		{78FCBDD7-F840-449E-9A6F-4F86889DB2A7}.Release|Any CPU.ActiveCfg = Release|Any CPU
		{78FCBDD7-F840-449E-9A6F-4F86889DB2A7}.Release|Any CPU.Build.0 = Release|Any CPU
		{78FCBDD7-F840-449E-9A6F-4F86889DB2A7}.Release|ARM.ActiveCfg = Release|Any CPU
		{78FCBDD7-F840-449E-9A6F-4F86889DB2A7}.Release|ARM.Build.0 = Release|Any CPU
		{78FCBDD7-F840-449E-9A6F-4F86889DB2A7}.Release|ARM64.ActiveCfg = Release|Any CPU
		{78FCBDD7-F840-449E-9A6F-4F86889DB2A7}.Release|ARM64.Build.0 = Release|Any CPU
		{78FCBDD7-F840-449E-9A6F-4F86889DB2A7}.Release|x64.ActiveCfg = Release|Any CPU
		{78FCBDD7-F840-449E-9A6F-4F86889DB2A7}.Release|x64.Build.0 = Release|Any CPU
		{78FCBDD7-F840-449E-9A6F-4F86889DB2A7}.Release|x86.ActiveCfg = Release|Any CPU
		{78FCBDD7-F840-449E-9A6F-4F86889DB2A7}.Release|x86.Build.0 = Release|Any CPU
		{77B8D9D2-9F73-4CE7-9B42-9EDE2A5B6945}.Debug|Any CPU.ActiveCfg = Debug|Any CPU
		{77B8D9D2-9F73-4CE7-9B42-9EDE2A5B6945}.Debug|Any CPU.Build.0 = Debug|Any CPU
		{77B8D9D2-9F73-4CE7-9B42-9EDE2A5B6945}.Debug|ARM.ActiveCfg = Debug|Any CPU
		{77B8D9D2-9F73-4CE7-9B42-9EDE2A5B6945}.Debug|ARM.Build.0 = Debug|Any CPU
		{77B8D9D2-9F73-4CE7-9B42-9EDE2A5B6945}.Debug|ARM64.ActiveCfg = Debug|Any CPU
		{77B8D9D2-9F73-4CE7-9B42-9EDE2A5B6945}.Debug|ARM64.Build.0 = Debug|Any CPU
		{77B8D9D2-9F73-4CE7-9B42-9EDE2A5B6945}.Debug|x64.ActiveCfg = Debug|Any CPU
		{77B8D9D2-9F73-4CE7-9B42-9EDE2A5B6945}.Debug|x64.Build.0 = Debug|Any CPU
		{77B8D9D2-9F73-4CE7-9B42-9EDE2A5B6945}.Debug|x86.ActiveCfg = Debug|Any CPU
		{77B8D9D2-9F73-4CE7-9B42-9EDE2A5B6945}.Debug|x86.Build.0 = Debug|Any CPU
		{77B8D9D2-9F73-4CE7-9B42-9EDE2A5B6945}.Release|Any CPU.ActiveCfg = Release|Any CPU
		{77B8D9D2-9F73-4CE7-9B42-9EDE2A5B6945}.Release|Any CPU.Build.0 = Release|Any CPU
		{77B8D9D2-9F73-4CE7-9B42-9EDE2A5B6945}.Release|ARM.ActiveCfg = Release|Any CPU
		{77B8D9D2-9F73-4CE7-9B42-9EDE2A5B6945}.Release|ARM.Build.0 = Release|Any CPU
		{77B8D9D2-9F73-4CE7-9B42-9EDE2A5B6945}.Release|ARM64.ActiveCfg = Release|Any CPU
		{77B8D9D2-9F73-4CE7-9B42-9EDE2A5B6945}.Release|ARM64.Build.0 = Release|Any CPU
		{77B8D9D2-9F73-4CE7-9B42-9EDE2A5B6945}.Release|x64.ActiveCfg = Release|Any CPU
		{77B8D9D2-9F73-4CE7-9B42-9EDE2A5B6945}.Release|x64.Build.0 = Release|Any CPU
		{77B8D9D2-9F73-4CE7-9B42-9EDE2A5B6945}.Release|x86.ActiveCfg = Release|Any CPU
		{77B8D9D2-9F73-4CE7-9B42-9EDE2A5B6945}.Release|x86.Build.0 = Release|Any CPU
	EndGlobalSection
	GlobalSection(SolutionProperties) = preSolution
		HideSolutionNode = FALSE
	EndGlobalSection
	GlobalSection(NestedProjects) = preSolution
		{E38566F8-A449-4E97-AF5E-D5B50A5FF910} = {60337BAF-0BEF-44E8-99AA-5EB742100C9B}
		{4D3C907C-44FB-4457-8522-A168556CFBD5} = {C1BC67B0-D3E5-4E39-B51B-277DEBF16BFE}
		{984A1DB1-08F4-4BFD-8FCE-B78C97BBB83F} = {C1BC67B0-D3E5-4E39-B51B-277DEBF16BFE}
		{78FCBDD7-F840-449E-9A6F-4F86889DB2A7} = {C1BC67B0-D3E5-4E39-B51B-277DEBF16BFE}
		{77B8D9D2-9F73-4CE7-9B42-9EDE2A5B6945} = {E5C5C6A1-DABE-4ACE-B83D-A636F1D2A5F6}
	EndGlobalSection
	GlobalSection(ExtensibilityGlobals) = postSolution
		SolutionGuid = {3EBBAD61-81A3-4A7E-8737-48277F9A45EB}
	EndGlobalSection
EndGlobal
