
Microsoft Visual Studio Solution File, Format Version 12.00
# Visual Studio Version 16
VisualStudioVersion = 16.0.32413.511
MinimumVisualStudioVersion = 10.0.40219.1
Project("{FAE04EC0-301F-11D3-BF4B-00C04F79EFBC}") = "LFSMEO", "LFSMEO\LFSMEO.csproj", "{7C488242-29C2-4687-8933-FAE874C6AA80}"
EndProject
Project("{2150E333-8FDC-42A3-9474-1A3956D46DE8}") = "Machine", "Machine", "{60337BAF-0BEF-44E8-99AA-5EB742100C9B}"
EndProject
Project("{FAE04EC0-301F-11D3-BF4B-00C04F79EFBC}") = "ProbeTester", "ProbeTester\ProbeTester.csproj", "{E38566F8-A449-4E97-AF5E-D5B50A5FF910}"
EndProject
Project("{2150E333-8FDC-42A3-9474-1A3956D46DE8}") = "Device", "Device", "{C1BC67B0-D3E5-4E39-B51B-277DEBF16BFE}"
EndProject
Project("{FAE04EC0-301F-11D3-BF4B-00C04F79EFBC}") = "DeviceCore", "DeviceCore\DeviceCore.csproj", "{984A1DB1-08F4-4BFD-8FCE-B78C97BBB83F}"
EndProject
Project("{FAE04EC0-301F-11D3-BF4B-00C04F79EFBC}") = "DeviceUI", "DeviceUI\DeviceUI.csproj", "{78FCBDD7-F840-449E-9A6F-4F86889DB2A7}"
EndProject
Project("{2150E333-8FDC-42A3-9474-1A3956D46DE8}") = "Tool", "Tool", "{E5C5C6A1-DABE-4ACE-B83D-A636F1D2A5F6}"
EndProject
Project("{FAE04EC0-301F-11D3-BF4B-00C04F79EFBC}") = "ToolFunction", "ToolFunction\ToolFunction.csproj", "{5924AE58-934E-461B-9B7E-F7BF796AECD6}"
EndProject
Project("{2150E333-8FDC-42A3-9474-1A3956D46DE8}") = "Motion_IO_Card", "Motion_IO_Card", "{6C1E0DD0-28FD-4A9A-B4EF-76BD0C603744}"
EndProject
Project("{FAE04EC0-301F-11D3-BF4B-00C04F79EFBC}") = "Device_MN200", "Device_MN200\Device_MN200.csproj", "{BFD18304-B910-4652-9208-384492B8EF81}"
EndProject
Project("{FAE04EC0-301F-11D3-BF4B-00C04F79EFBC}") = "DeviceFunction", "DeviceFunction\DeviceFunction.csproj", "{8FF1CDCB-02F4-41D7-BE1E-69C93E2E9E96}"
EndProject
Project("{FAE04EC0-301F-11D3-BF4B-00C04F79EFBC}") = "Device_PCIS_DASK", "Device_PCIS_DASK\Device_PCIS_DASK.csproj", "{BC7E3727-5A66-4475-B135-40382C3EE841}"
EndProject
Project("{FAE04EC0-301F-11D3-BF4B-00C04F79EFBC}") = "RGBTester", "RGBTester\RGBTester.csproj", "{361BD130-12A3-4BD0-B08E-88BF32C41891}"
EndProject
Project("{2150E333-8FDC-42A3-9474-1A3956D46DE8}") = "ChillerControl", "ChillerControl", "{A2FB9200-D863-4210-BB33-E2AC2B339E14}"
EndProject
Project("{FAE04EC0-301F-11D3-BF4B-00C04F79EFBC}") = "Device_Klzx", "Device_Klzx\Device_Klzx.csproj", "{9C7C95D6-1C0F-4AEB-90F3-047E24034952}"
EndProject
Project("{FAE04EC0-301F-11D3-BF4B-00C04F79EFBC}") = "UserPrivilege", "UserPrivilege\UserPrivilege.csproj", "{DA522546-9AC7-47E5-B40E-17B0CFEF3726}"
EndProject
Project("{2150E333-8FDC-42A3-9474-1A3956D46DE8}") = "SampleCode", "SampleCode", "{505167BC-AEA4-4B17-B7F5-88DC8169FD71}"
EndProject
Project("{FAE04EC0-301F-11D3-BF4B-00C04F79EFBC}") = "SampleCode", "SampleCode\SampleCode.csproj", "{1B59678A-61E7-4958-8F6C-131D05595EA6}"
EndProject
Project("{FAE04EC0-301F-11D3-BF4B-00C04F79EFBC}") = "Device_Virtual", "Device_Virtual\Device_Virtual.csproj", "{5B509D3F-99CD-44E0-BEC4-591C3096D61B}"
EndProject
Project("{FAE04EC0-301F-11D3-BF4B-00C04F79EFBC}") = "FunctionUnitTest", "FunctionUnitTest\FunctionUnitTest.csproj", "{84567206-3947-4278-8E22-651D657CAFA4}"
EndProject
Project("{FAE04EC0-301F-11D3-BF4B-00C04F79EFBC}") = "Device_APS", "Device_APS\Device_APS.csproj", "{C12FF5DE-C9F1-4A7F-8B6B-0C0AB9159ED0}"
EndProject
Project("{2150E333-8FDC-42A3-9474-1A3956D46DE8}") = "Spectrometer", "Spectrometer", "{02EA681E-C7D8-13C7-8484-4AC65E1B71E8}"
EndProject
Project("{FAE04EC0-301F-11D3-BF4B-00C04F79EFBC}") = "Device_OTO", "Device_OTO\Device_OTO.csproj", "{00B52F37-94B1-40A9-9168-2AFB511F88CD}"
EndProject
Project("{2150E333-8FDC-42A3-9474-1A3956D46DE8}") = "LightControl", "LightControl", "{4D20E765-394D-4D08-9711-1F965614D35D}"
EndProject
Project("{FAE04EC0-301F-11D3-BF4B-00C04F79EFBC}") = "Device_FTLight", "FTLight\Device_FTLight.csproj", "{C63D227F-F747-49ED-8BC6-05286E333B02}"
EndProject
Project("{FAE04EC0-301F-11D3-BF4B-00C04F79EFBC}") = "Device_VirtualLight", "VirtualLight\Device_VirtualLight.csproj", "{4E720C40-9608-4C4E-B2E6-ADDF51FAE62F}"
EndProject
Project("{FAE04EC0-301F-11D3-BF4B-00C04F79EFBC}") = "Device_Spectrum_Virtual", "Device_Spectrum_Virtual\Device_Spectrum_Virtual.csproj", "{88702617-9323-40CC-8208-07A378D9E823}"
EndProject
Project("{2150E333-8FDC-42A3-9474-1A3956D46DE8}") = "Camera", "Camera", "{03591898-7DC8-43A7-B3D3-AB515175B9A3}"
EndProject
Project("{FAE04EC0-301F-11D3-BF4B-00C04F79EFBC}") = "Device_Hikvision", "Device_Hikvision\Device_Hikvision.csproj", "{FFA19EDB-00B0-4A6E-AC8E-BD87597601EE}"
EndProject
Project("{FAE04EC0-301F-11D3-BF4B-00C04F79EFBC}") = "Device_VirtualCamera", "Device_VirtualCamera\Device_VirtualCamera.csproj", "{4B021977-FA50-49A0-AC58-BFA3F34FCBD0}"
EndProject
Global
	GlobalSection(SolutionConfigurationPlatforms) = preSolution
		Debug|Any CPU = Debug|Any CPU
		Debug|ARM = Debug|ARM
		Debug|ARM64 = Debug|ARM64
		Debug|x64 = Debug|x64
		Debug|x86 = Debug|x86
		Release|Any CPU = Release|Any CPU
		Release|ARM = Release|ARM
		Release|ARM64 = Release|ARM64
		Release|x64 = Release|x64
		Release|x86 = Release|x86
	EndGlobalSection
	GlobalSection(ProjectConfigurationPlatforms) = postSolution
		{7C488242-29C2-4687-8933-FAE874C6AA80}.Debug|Any CPU.ActiveCfg = Debug|Any CPU
		{7C488242-29C2-4687-8933-FAE874C6AA80}.Debug|Any CPU.Build.0 = Debug|Any CPU
		{7C488242-29C2-4687-8933-FAE874C6AA80}.Debug|ARM.ActiveCfg = Debug|Any CPU
		{7C488242-29C2-4687-8933-FAE874C6AA80}.Debug|ARM.Build.0 = Debug|Any CPU
		{7C488242-29C2-4687-8933-FAE874C6AA80}.Debug|ARM64.ActiveCfg = Debug|Any CPU
		{7C488242-29C2-4687-8933-FAE874C6AA80}.Debug|ARM64.Build.0 = Debug|Any CPU
		{7C488242-29C2-4687-8933-FAE874C6AA80}.Debug|x64.ActiveCfg = Debug|Any CPU
		{7C488242-29C2-4687-8933-FAE874C6AA80}.Debug|x64.Build.0 = Debug|Any CPU
		{7C488242-29C2-4687-8933-FAE874C6AA80}.Debug|x86.ActiveCfg = Debug|Any CPU
		{7C488242-29C2-4687-8933-FAE874C6AA80}.Debug|x86.Build.0 = Debug|Any CPU
		{7C488242-29C2-4687-8933-FAE874C6AA80}.Release|Any CPU.ActiveCfg = Release|Any CPU
		{7C488242-29C2-4687-8933-FAE874C6AA80}.Release|Any CPU.Build.0 = Release|Any CPU
		{7C488242-29C2-4687-8933-FAE874C6AA80}.Release|ARM.ActiveCfg = Release|Any CPU
		{7C488242-29C2-4687-8933-FAE874C6AA80}.Release|ARM.Build.0 = Release|Any CPU
		{7C488242-29C2-4687-8933-FAE874C6AA80}.Release|ARM64.ActiveCfg = Release|Any CPU
		{7C488242-29C2-4687-8933-FAE874C6AA80}.Release|ARM64.Build.0 = Release|Any CPU
		{7C488242-29C2-4687-8933-FAE874C6AA80}.Release|x64.ActiveCfg = Release|Any CPU
		{7C488242-29C2-4687-8933-FAE874C6AA80}.Release|x64.Build.0 = Release|Any CPU
		{7C488242-29C2-4687-8933-FAE874C6AA80}.Release|x86.ActiveCfg = Release|Any CPU
		{7C488242-29C2-4687-8933-FAE874C6AA80}.Release|x86.Build.0 = Release|Any CPU
		{E38566F8-A449-4E97-AF5E-D5B50A5FF910}.Debug|Any CPU.ActiveCfg = Debug|Any CPU
		{E38566F8-A449-4E97-AF5E-D5B50A5FF910}.Debug|Any CPU.Build.0 = Debug|Any CPU
		{E38566F8-A449-4E97-AF5E-D5B50A5FF910}.Debug|ARM.ActiveCfg = Debug|Any CPU
		{E38566F8-A449-4E97-AF5E-D5B50A5FF910}.Debug|ARM.Build.0 = Debug|Any CPU
		{E38566F8-A449-4E97-AF5E-D5B50A5FF910}.Debug|ARM64.ActiveCfg = Debug|Any CPU
		{E38566F8-A449-4E97-AF5E-D5B50A5FF910}.Debug|ARM64.Build.0 = Debug|Any CPU
		{E38566F8-A449-4E97-AF5E-D5B50A5FF910}.Debug|x64.ActiveCfg = Debug|Any CPU
		{E38566F8-A449-4E97-AF5E-D5B50A5FF910}.Debug|x64.Build.0 = Debug|Any CPU
		{E38566F8-A449-4E97-AF5E-D5B50A5FF910}.Debug|x86.ActiveCfg = Debug|Any CPU
		{E38566F8-A449-4E97-AF5E-D5B50A5FF910}.Debug|x86.Build.0 = Debug|Any CPU
		{E38566F8-A449-4E97-AF5E-D5B50A5FF910}.Release|Any CPU.ActiveCfg = Release|Any CPU
		{E38566F8-A449-4E97-AF5E-D5B50A5FF910}.Release|Any CPU.Build.0 = Release|Any CPU
		{E38566F8-A449-4E97-AF5E-D5B50A5FF910}.Release|ARM.ActiveCfg = Release|Any CPU
		{E38566F8-A449-4E97-AF5E-D5B50A5FF910}.Release|ARM.Build.0 = Release|Any CPU
		{E38566F8-A449-4E97-AF5E-D5B50A5FF910}.Release|ARM64.ActiveCfg = Release|Any CPU
		{E38566F8-A449-4E97-AF5E-D5B50A5FF910}.Release|ARM64.Build.0 = Release|Any CPU
		{E38566F8-A449-4E97-AF5E-D5B50A5FF910}.Release|x64.ActiveCfg = Release|Any CPU
		{E38566F8-A449-4E97-AF5E-D5B50A5FF910}.Release|x64.Build.0 = Release|Any CPU
		{E38566F8-A449-4E97-AF5E-D5B50A5FF910}.Release|x86.ActiveCfg = Release|Any CPU
		{E38566F8-A449-4E97-AF5E-D5B50A5FF910}.Release|x86.Build.0 = Release|Any CPU
		{984A1DB1-08F4-4BFD-8FCE-B78C97BBB83F}.Debug|Any CPU.ActiveCfg = Debug|Any CPU
		{984A1DB1-08F4-4BFD-8FCE-B78C97BBB83F}.Debug|Any CPU.Build.0 = Debug|Any CPU
		{984A1DB1-08F4-4BFD-8FCE-B78C97BBB83F}.Debug|ARM.ActiveCfg = Debug|Any CPU
		{984A1DB1-08F4-4BFD-8FCE-B78C97BBB83F}.Debug|ARM.Build.0 = Debug|Any CPU
		{984A1DB1-08F4-4BFD-8FCE-B78C97BBB83F}.Debug|ARM64.ActiveCfg = Debug|Any CPU
		{984A1DB1-08F4-4BFD-8FCE-B78C97BBB83F}.Debug|ARM64.Build.0 = Debug|Any CPU
		{984A1DB1-08F4-4BFD-8FCE-B78C97BBB83F}.Debug|x64.ActiveCfg = Debug|Any CPU
		{984A1DB1-08F4-4BFD-8FCE-B78C97BBB83F}.Debug|x64.Build.0 = Debug|Any CPU
		{984A1DB1-08F4-4BFD-8FCE-B78C97BBB83F}.Debug|x86.ActiveCfg = Debug|Any CPU
		{984A1DB1-08F4-4BFD-8FCE-B78C97BBB83F}.Debug|x86.Build.0 = Debug|Any CPU
		{984A1DB1-08F4-4BFD-8FCE-B78C97BBB83F}.Release|Any CPU.ActiveCfg = Release|Any CPU
		{984A1DB1-08F4-4BFD-8FCE-B78C97BBB83F}.Release|Any CPU.Build.0 = Release|Any CPU
		{984A1DB1-08F4-4BFD-8FCE-B78C97BBB83F}.Release|ARM.ActiveCfg = Release|Any CPU
		{984A1DB1-08F4-4BFD-8FCE-B78C97BBB83F}.Release|ARM.Build.0 = Release|Any CPU
		{984A1DB1-08F4-4BFD-8FCE-B78C97BBB83F}.Release|ARM64.ActiveCfg = Release|Any CPU
		{984A1DB1-08F4-4BFD-8FCE-B78C97BBB83F}.Release|ARM64.Build.0 = Release|Any CPU
		{984A1DB1-08F4-4BFD-8FCE-B78C97BBB83F}.Release|x64.ActiveCfg = Release|Any CPU
		{984A1DB1-08F4-4BFD-8FCE-B78C97BBB83F}.Release|x64.Build.0 = Release|Any CPU
		{984A1DB1-08F4-4BFD-8FCE-B78C97BBB83F}.Release|x86.ActiveCfg = Release|Any CPU
		{984A1DB1-08F4-4BFD-8FCE-B78C97BBB83F}.Release|x86.Build.0 = Release|Any CPU
		{78FCBDD7-F840-449E-9A6F-4F86889DB2A7}.Debug|Any CPU.ActiveCfg = Debug|Any CPU
		{78FCBDD7-F840-449E-9A6F-4F86889DB2A7}.Debug|Any CPU.Build.0 = Debug|Any CPU
		{78FCBDD7-F840-449E-9A6F-4F86889DB2A7}.Debug|ARM.ActiveCfg = Debug|Any CPU
		{78FCBDD7-F840-449E-9A6F-4F86889DB2A7}.Debug|ARM.Build.0 = Debug|Any CPU
		{78FCBDD7-F840-449E-9A6F-4F86889DB2A7}.Debug|ARM64.ActiveCfg = Debug|Any CPU
		{78FCBDD7-F840-449E-9A6F-4F86889DB2A7}.Debug|ARM64.Build.0 = Debug|Any CPU
		{78FCBDD7-F840-449E-9A6F-4F86889DB2A7}.Debug|x64.ActiveCfg = Debug|Any CPU
		{78FCBDD7-F840-449E-9A6F-4F86889DB2A7}.Debug|x64.Build.0 = Debug|Any CPU
		{78FCBDD7-F840-449E-9A6F-4F86889DB2A7}.Debug|x86.ActiveCfg = Debug|Any CPU
		{78FCBDD7-F840-449E-9A6F-4F86889DB2A7}.Debug|x86.Build.0 = Debug|Any CPU
		{78FCBDD7-F840-449E-9A6F-4F86889DB2A7}.Release|Any CPU.ActiveCfg = Release|Any CPU
		{78FCBDD7-F840-449E-9A6F-4F86889DB2A7}.Release|Any CPU.Build.0 = Release|Any CPU
		{78FCBDD7-F840-449E-9A6F-4F86889DB2A7}.Release|ARM.ActiveCfg = Release|Any CPU
		{78FCBDD7-F840-449E-9A6F-4F86889DB2A7}.Release|ARM.Build.0 = Release|Any CPU
		{78FCBDD7-F840-449E-9A6F-4F86889DB2A7}.Release|ARM64.ActiveCfg = Release|Any CPU
		{78FCBDD7-F840-449E-9A6F-4F86889DB2A7}.Release|ARM64.Build.0 = Release|Any CPU
		{78FCBDD7-F840-449E-9A6F-4F86889DB2A7}.Release|x64.ActiveCfg = Release|Any CPU
		{78FCBDD7-F840-449E-9A6F-4F86889DB2A7}.Release|x64.Build.0 = Release|Any CPU
		{78FCBDD7-F840-449E-9A6F-4F86889DB2A7}.Release|x86.ActiveCfg = Release|Any CPU
		{78FCBDD7-F840-449E-9A6F-4F86889DB2A7}.Release|x86.Build.0 = Release|Any CPU
		{5924AE58-934E-461B-9B7E-F7BF796AECD6}.Debug|Any CPU.ActiveCfg = Debug|Any CPU
		{5924AE58-934E-461B-9B7E-F7BF796AECD6}.Debug|Any CPU.Build.0 = Debug|Any CPU
		{5924AE58-934E-461B-9B7E-F7BF796AECD6}.Debug|ARM.ActiveCfg = Debug|Any CPU
		{5924AE58-934E-461B-9B7E-F7BF796AECD6}.Debug|ARM.Build.0 = Debug|Any CPU
		{5924AE58-934E-461B-9B7E-F7BF796AECD6}.Debug|ARM64.ActiveCfg = Debug|Any CPU
		{5924AE58-934E-461B-9B7E-F7BF796AECD6}.Debug|ARM64.Build.0 = Debug|Any CPU
		{5924AE58-934E-461B-9B7E-F7BF796AECD6}.Debug|x64.ActiveCfg = Debug|Any CPU
		{5924AE58-934E-461B-9B7E-F7BF796AECD6}.Debug|x64.Build.0 = Debug|Any CPU
		{5924AE58-934E-461B-9B7E-F7BF796AECD6}.Debug|x86.ActiveCfg = Debug|Any CPU
		{5924AE58-934E-461B-9B7E-F7BF796AECD6}.Debug|x86.Build.0 = Debug|Any CPU
		{5924AE58-934E-461B-9B7E-F7BF796AECD6}.Release|Any CPU.ActiveCfg = Release|Any CPU
		{5924AE58-934E-461B-9B7E-F7BF796AECD6}.Release|Any CPU.Build.0 = Release|Any CPU
		{5924AE58-934E-461B-9B7E-F7BF796AECD6}.Release|ARM.ActiveCfg = Release|Any CPU
		{5924AE58-934E-461B-9B7E-F7BF796AECD6}.Release|ARM.Build.0 = Release|Any CPU
		{5924AE58-934E-461B-9B7E-F7BF796AECD6}.Release|ARM64.ActiveCfg = Release|Any CPU
		{5924AE58-934E-461B-9B7E-F7BF796AECD6}.Release|ARM64.Build.0 = Release|Any CPU
		{5924AE58-934E-461B-9B7E-F7BF796AECD6}.Release|x64.ActiveCfg = Release|Any CPU
		{5924AE58-934E-461B-9B7E-F7BF796AECD6}.Release|x64.Build.0 = Release|Any CPU
		{5924AE58-934E-461B-9B7E-F7BF796AECD6}.Release|x86.ActiveCfg = Release|Any CPU
		{5924AE58-934E-461B-9B7E-F7BF796AECD6}.Release|x86.Build.0 = Release|Any CPU
		{BFD18304-B910-4652-9208-384492B8EF81}.Debug|Any CPU.ActiveCfg = Debug|Any CPU
		{BFD18304-B910-4652-9208-384492B8EF81}.Debug|Any CPU.Build.0 = Debug|Any CPU
		{BFD18304-B910-4652-9208-384492B8EF81}.Debug|ARM.ActiveCfg = Debug|Any CPU
		{BFD18304-B910-4652-9208-384492B8EF81}.Debug|ARM.Build.0 = Debug|Any CPU
		{BFD18304-B910-4652-9208-384492B8EF81}.Debug|ARM64.ActiveCfg = Debug|Any CPU
		{BFD18304-B910-4652-9208-384492B8EF81}.Debug|ARM64.Build.0 = Debug|Any CPU
		{BFD18304-B910-4652-9208-384492B8EF81}.Debug|x64.ActiveCfg = Debug|Any CPU
		{BFD18304-B910-4652-9208-384492B8EF81}.Debug|x64.Build.0 = Debug|Any CPU
		{BFD18304-B910-4652-9208-384492B8EF81}.Debug|x86.ActiveCfg = Debug|Any CPU
		{BFD18304-B910-4652-9208-384492B8EF81}.Debug|x86.Build.0 = Debug|Any CPU
		{BFD18304-B910-4652-9208-384492B8EF81}.Release|Any CPU.ActiveCfg = Release|Any CPU
		{BFD18304-B910-4652-9208-384492B8EF81}.Release|Any CPU.Build.0 = Release|Any CPU
		{BFD18304-B910-4652-9208-384492B8EF81}.Release|ARM.ActiveCfg = Release|Any CPU
		{BFD18304-B910-4652-9208-384492B8EF81}.Release|ARM.Build.0 = Release|Any CPU
		{BFD18304-B910-4652-9208-384492B8EF81}.Release|ARM64.ActiveCfg = Release|Any CPU
		{BFD18304-B910-4652-9208-384492B8EF81}.Release|ARM64.Build.0 = Release|Any CPU
		{BFD18304-B910-4652-9208-384492B8EF81}.Release|x64.ActiveCfg = Release|Any CPU
		{BFD18304-B910-4652-9208-384492B8EF81}.Release|x64.Build.0 = Release|Any CPU
		{BFD18304-B910-4652-9208-384492B8EF81}.Release|x86.ActiveCfg = Release|Any CPU
		{BFD18304-B910-4652-9208-384492B8EF81}.Release|x86.Build.0 = Release|Any CPU
		{8FF1CDCB-02F4-41D7-BE1E-69C93E2E9E96}.Debug|Any CPU.ActiveCfg = Debug|Any CPU
		{8FF1CDCB-02F4-41D7-BE1E-69C93E2E9E96}.Debug|Any CPU.Build.0 = Debug|Any CPU
		{8FF1CDCB-02F4-41D7-BE1E-69C93E2E9E96}.Debug|ARM.ActiveCfg = Debug|Any CPU
		{8FF1CDCB-02F4-41D7-BE1E-69C93E2E9E96}.Debug|ARM.Build.0 = Debug|Any CPU
		{8FF1CDCB-02F4-41D7-BE1E-69C93E2E9E96}.Debug|ARM64.ActiveCfg = Debug|Any CPU
		{8FF1CDCB-02F4-41D7-BE1E-69C93E2E9E96}.Debug|ARM64.Build.0 = Debug|Any CPU
		{8FF1CDCB-02F4-41D7-BE1E-69C93E2E9E96}.Debug|x64.ActiveCfg = Debug|Any CPU
		{8FF1CDCB-02F4-41D7-BE1E-69C93E2E9E96}.Debug|x64.Build.0 = Debug|Any CPU
		{8FF1CDCB-02F4-41D7-BE1E-69C93E2E9E96}.Debug|x86.ActiveCfg = Debug|Any CPU
		{8FF1CDCB-02F4-41D7-BE1E-69C93E2E9E96}.Debug|x86.Build.0 = Debug|Any CPU
		{8FF1CDCB-02F4-41D7-BE1E-69C93E2E9E96}.Release|Any CPU.ActiveCfg = Release|Any CPU
		{8FF1CDCB-02F4-41D7-BE1E-69C93E2E9E96}.Release|Any CPU.Build.0 = Release|Any CPU
		{8FF1CDCB-02F4-41D7-BE1E-69C93E2E9E96}.Release|ARM.ActiveCfg = Release|Any CPU
		{8FF1CDCB-02F4-41D7-BE1E-69C93E2E9E96}.Release|ARM.Build.0 = Release|Any CPU
		{8FF1CDCB-02F4-41D7-BE1E-69C93E2E9E96}.Release|ARM64.ActiveCfg = Release|Any CPU
		{8FF1CDCB-02F4-41D7-BE1E-69C93E2E9E96}.Release|ARM64.Build.0 = Release|Any CPU
		{8FF1CDCB-02F4-41D7-BE1E-69C93E2E9E96}.Release|x64.ActiveCfg = Release|Any CPU
		{8FF1CDCB-02F4-41D7-BE1E-69C93E2E9E96}.Release|x64.Build.0 = Release|Any CPU
		{8FF1CDCB-02F4-41D7-BE1E-69C93E2E9E96}.Release|x86.ActiveCfg = Release|Any CPU
		{8FF1CDCB-02F4-41D7-BE1E-69C93E2E9E96}.Release|x86.Build.0 = Release|Any CPU
		{BC7E3727-5A66-4475-B135-40382C3EE841}.Debug|Any CPU.ActiveCfg = Debug|Any CPU
		{BC7E3727-5A66-4475-B135-40382C3EE841}.Debug|Any CPU.Build.0 = Debug|Any CPU
		{BC7E3727-5A66-4475-B135-40382C3EE841}.Debug|ARM.ActiveCfg = Debug|Any CPU
		{BC7E3727-5A66-4475-B135-40382C3EE841}.Debug|ARM.Build.0 = Debug|Any CPU
		{BC7E3727-5A66-4475-B135-40382C3EE841}.Debug|ARM64.ActiveCfg = Debug|Any CPU
		{BC7E3727-5A66-4475-B135-40382C3EE841}.Debug|ARM64.Build.0 = Debug|Any CPU
		{BC7E3727-5A66-4475-B135-40382C3EE841}.Debug|x64.ActiveCfg = Debug|Any CPU
		{BC7E3727-5A66-4475-B135-40382C3EE841}.Debug|x64.Build.0 = Debug|Any CPU
		{BC7E3727-5A66-4475-B135-40382C3EE841}.Debug|x86.ActiveCfg = Debug|Any CPU
		{BC7E3727-5A66-4475-B135-40382C3EE841}.Debug|x86.Build.0 = Debug|Any CPU
		{BC7E3727-5A66-4475-B135-40382C3EE841}.Release|Any CPU.ActiveCfg = Release|Any CPU
		{BC7E3727-5A66-4475-B135-40382C3EE841}.Release|Any CPU.Build.0 = Release|Any CPU
		{BC7E3727-5A66-4475-B135-40382C3EE841}.Release|ARM.ActiveCfg = Release|Any CPU
		{BC7E3727-5A66-4475-B135-40382C3EE841}.Release|ARM.Build.0 = Release|Any CPU
		{BC7E3727-5A66-4475-B135-40382C3EE841}.Release|ARM64.ActiveCfg = Release|Any CPU
		{BC7E3727-5A66-4475-B135-40382C3EE841}.Release|ARM64.Build.0 = Release|Any CPU
		{BC7E3727-5A66-4475-B135-40382C3EE841}.Release|x64.ActiveCfg = Release|Any CPU
		{BC7E3727-5A66-4475-B135-40382C3EE841}.Release|x64.Build.0 = Release|Any CPU
		{BC7E3727-5A66-4475-B135-40382C3EE841}.Release|x86.ActiveCfg = Release|Any CPU
		{BC7E3727-5A66-4475-B135-40382C3EE841}.Release|x86.Build.0 = Release|Any CPU
		{361BD130-12A3-4BD0-B08E-88BF32C41891}.Debug|Any CPU.ActiveCfg = Debug|Any CPU
		{361BD130-12A3-4BD0-B08E-88BF32C41891}.Debug|Any CPU.Build.0 = Debug|Any CPU
		{361BD130-12A3-4BD0-B08E-88BF32C41891}.Debug|ARM.ActiveCfg = Debug|Any CPU
		{361BD130-12A3-4BD0-B08E-88BF32C41891}.Debug|ARM.Build.0 = Debug|Any CPU
		{361BD130-12A3-4BD0-B08E-88BF32C41891}.Debug|ARM64.ActiveCfg = Debug|Any CPU
		{361BD130-12A3-4BD0-B08E-88BF32C41891}.Debug|ARM64.Build.0 = Debug|Any CPU
		{361BD130-12A3-4BD0-B08E-88BF32C41891}.Debug|x64.ActiveCfg = Debug|Any CPU
		{361BD130-12A3-4BD0-B08E-88BF32C41891}.Debug|x64.Build.0 = Debug|Any CPU
		{361BD130-12A3-4BD0-B08E-88BF32C41891}.Debug|x86.ActiveCfg = Debug|Any CPU
		{361BD130-12A3-4BD0-B08E-88BF32C41891}.Debug|x86.Build.0 = Debug|Any CPU
		{361BD130-12A3-4BD0-B08E-88BF32C41891}.Release|Any CPU.ActiveCfg = Release|Any CPU
		{361BD130-12A3-4BD0-B08E-88BF32C41891}.Release|Any CPU.Build.0 = Release|Any CPU
		{361BD130-12A3-4BD0-B08E-88BF32C41891}.Release|ARM.ActiveCfg = Release|Any CPU
		{361BD130-12A3-4BD0-B08E-88BF32C41891}.Release|ARM.Build.0 = Release|Any CPU
		{361BD130-12A3-4BD0-B08E-88BF32C41891}.Release|ARM64.ActiveCfg = Release|Any CPU
		{361BD130-12A3-4BD0-B08E-88BF32C41891}.Release|ARM64.Build.0 = Release|Any CPU
		{361BD130-12A3-4BD0-B08E-88BF32C41891}.Release|x64.ActiveCfg = Release|Any CPU
		{361BD130-12A3-4BD0-B08E-88BF32C41891}.Release|x64.Build.0 = Release|Any CPU
		{361BD130-12A3-4BD0-B08E-88BF32C41891}.Release|x86.ActiveCfg = Release|Any CPU
		{361BD130-12A3-4BD0-B08E-88BF32C41891}.Release|x86.Build.0 = Release|Any CPU
		{9C7C95D6-1C0F-4AEB-90F3-047E24034952}.Debug|Any CPU.ActiveCfg = Debug|Any CPU
		{9C7C95D6-1C0F-4AEB-90F3-047E24034952}.Debug|Any CPU.Build.0 = Debug|Any CPU
		{9C7C95D6-1C0F-4AEB-90F3-047E24034952}.Debug|ARM.ActiveCfg = Debug|Any CPU
		{9C7C95D6-1C0F-4AEB-90F3-047E24034952}.Debug|ARM.Build.0 = Debug|Any CPU
		{9C7C95D6-1C0F-4AEB-90F3-047E24034952}.Debug|ARM64.ActiveCfg = Debug|Any CPU
		{9C7C95D6-1C0F-4AEB-90F3-047E24034952}.Debug|ARM64.Build.0 = Debug|Any CPU
		{9C7C95D6-1C0F-4AEB-90F3-047E24034952}.Debug|x64.ActiveCfg = Debug|Any CPU
		{9C7C95D6-1C0F-4AEB-90F3-047E24034952}.Debug|x64.Build.0 = Debug|Any CPU
		{9C7C95D6-1C0F-4AEB-90F3-047E24034952}.Debug|x86.ActiveCfg = Debug|Any CPU
		{9C7C95D6-1C0F-4AEB-90F3-047E24034952}.Debug|x86.Build.0 = Debug|Any CPU
		{9C7C95D6-1C0F-4AEB-90F3-047E24034952}.Release|Any CPU.ActiveCfg = Release|Any CPU
		{9C7C95D6-1C0F-4AEB-90F3-047E24034952}.Release|Any CPU.Build.0 = Release|Any CPU
		{9C7C95D6-1C0F-4AEB-90F3-047E24034952}.Release|ARM.ActiveCfg = Release|Any CPU
		{9C7C95D6-1C0F-4AEB-90F3-047E24034952}.Release|ARM.Build.0 = Release|Any CPU
		{9C7C95D6-1C0F-4AEB-90F3-047E24034952}.Release|ARM64.ActiveCfg = Release|Any CPU
		{9C7C95D6-1C0F-4AEB-90F3-047E24034952}.Release|ARM64.Build.0 = Release|Any CPU
		{9C7C95D6-1C0F-4AEB-90F3-047E24034952}.Release|x64.ActiveCfg = Release|Any CPU
		{9C7C95D6-1C0F-4AEB-90F3-047E24034952}.Release|x64.Build.0 = Release|Any CPU
		{9C7C95D6-1C0F-4AEB-90F3-047E24034952}.Release|x86.ActiveCfg = Release|Any CPU
		{9C7C95D6-1C0F-4AEB-90F3-047E24034952}.Release|x86.Build.0 = Release|Any CPU
		{DA522546-9AC7-47E5-B40E-17B0CFEF3726}.Debug|Any CPU.ActiveCfg = Debug|Any CPU
		{DA522546-9AC7-47E5-B40E-17B0CFEF3726}.Debug|Any CPU.Build.0 = Debug|Any CPU
		{DA522546-9AC7-47E5-B40E-17B0CFEF3726}.Debug|ARM.ActiveCfg = Debug|Any CPU
		{DA522546-9AC7-47E5-B40E-17B0CFEF3726}.Debug|ARM.Build.0 = Debug|Any CPU
		{DA522546-9AC7-47E5-B40E-17B0CFEF3726}.Debug|ARM64.ActiveCfg = Debug|Any CPU
		{DA522546-9AC7-47E5-B40E-17B0CFEF3726}.Debug|ARM64.Build.0 = Debug|Any CPU
		{DA522546-9AC7-47E5-B40E-17B0CFEF3726}.Debug|x64.ActiveCfg = Debug|Any CPU
		{DA522546-9AC7-47E5-B40E-17B0CFEF3726}.Debug|x64.Build.0 = Debug|Any CPU
		{DA522546-9AC7-47E5-B40E-17B0CFEF3726}.Debug|x86.ActiveCfg = Debug|Any CPU
		{DA522546-9AC7-47E5-B40E-17B0CFEF3726}.Debug|x86.Build.0 = Debug|Any CPU
		{DA522546-9AC7-47E5-B40E-17B0CFEF3726}.Release|Any CPU.ActiveCfg = Release|Any CPU
		{DA522546-9AC7-47E5-B40E-17B0CFEF3726}.Release|Any CPU.Build.0 = Release|Any CPU
		{DA522546-9AC7-47E5-B40E-17B0CFEF3726}.Release|ARM.ActiveCfg = Release|Any CPU
		{DA522546-9AC7-47E5-B40E-17B0CFEF3726}.Release|ARM.Build.0 = Release|Any CPU
		{DA522546-9AC7-47E5-B40E-17B0CFEF3726}.Release|ARM64.ActiveCfg = Release|Any CPU
		{DA522546-9AC7-47E5-B40E-17B0CFEF3726}.Release|ARM64.Build.0 = Release|Any CPU
		{DA522546-9AC7-47E5-B40E-17B0CFEF3726}.Release|x64.ActiveCfg = Release|Any CPU
		{DA522546-9AC7-47E5-B40E-17B0CFEF3726}.Release|x64.Build.0 = Release|Any CPU
		{DA522546-9AC7-47E5-B40E-17B0CFEF3726}.Release|x86.ActiveCfg = Release|Any CPU
		{DA522546-9AC7-47E5-B40E-17B0CFEF3726}.Release|x86.Build.0 = Release|Any CPU
		{1B59678A-61E7-4958-8F6C-131D05595EA6}.Debug|Any CPU.ActiveCfg = Debug|Any CPU
		{1B59678A-61E7-4958-8F6C-131D05595EA6}.Debug|Any CPU.Build.0 = Debug|Any CPU
		{1B59678A-61E7-4958-8F6C-131D05595EA6}.Debug|ARM.ActiveCfg = Debug|Any CPU
		{1B59678A-61E7-4958-8F6C-131D05595EA6}.Debug|ARM.Build.0 = Debug|Any CPU
		{1B59678A-61E7-4958-8F6C-131D05595EA6}.Debug|ARM64.ActiveCfg = Debug|Any CPU
		{1B59678A-61E7-4958-8F6C-131D05595EA6}.Debug|ARM64.Build.0 = Debug|Any CPU
		{1B59678A-61E7-4958-8F6C-131D05595EA6}.Debug|x64.ActiveCfg = Debug|Any CPU
		{1B59678A-61E7-4958-8F6C-131D05595EA6}.Debug|x64.Build.0 = Debug|Any CPU
		{1B59678A-61E7-4958-8F6C-131D05595EA6}.Debug|x86.ActiveCfg = Debug|Any CPU
		{1B59678A-61E7-4958-8F6C-131D05595EA6}.Debug|x86.Build.0 = Debug|Any CPU
		{1B59678A-61E7-4958-8F6C-131D05595EA6}.Release|Any CPU.ActiveCfg = Release|Any CPU
		{1B59678A-61E7-4958-8F6C-131D05595EA6}.Release|Any CPU.Build.0 = Release|Any CPU
		{1B59678A-61E7-4958-8F6C-131D05595EA6}.Release|ARM.ActiveCfg = Release|Any CPU
		{1B59678A-61E7-4958-8F6C-131D05595EA6}.Release|ARM.Build.0 = Release|Any CPU
		{1B59678A-61E7-4958-8F6C-131D05595EA6}.Release|ARM64.ActiveCfg = Release|Any CPU
		{1B59678A-61E7-4958-8F6C-131D05595EA6}.Release|ARM64.Build.0 = Release|Any CPU
		{1B59678A-61E7-4958-8F6C-131D05595EA6}.Release|x64.ActiveCfg = Release|Any CPU
		{1B59678A-61E7-4958-8F6C-131D05595EA6}.Release|x64.Build.0 = Release|Any CPU
		{1B59678A-61E7-4958-8F6C-131D05595EA6}.Release|x86.ActiveCfg = Release|Any CPU
		{1B59678A-61E7-4958-8F6C-131D05595EA6}.Release|x86.Build.0 = Release|Any CPU
		{5B509D3F-99CD-44E0-BEC4-591C3096D61B}.Debug|Any CPU.ActiveCfg = Debug|Any CPU
		{5B509D3F-99CD-44E0-BEC4-591C3096D61B}.Debug|Any CPU.Build.0 = Debug|Any CPU
		{5B509D3F-99CD-44E0-BEC4-591C3096D61B}.Debug|ARM.ActiveCfg = Debug|Any CPU
		{5B509D3F-99CD-44E0-BEC4-591C3096D61B}.Debug|ARM.Build.0 = Debug|Any CPU
		{5B509D3F-99CD-44E0-BEC4-591C3096D61B}.Debug|ARM64.ActiveCfg = Debug|Any CPU
		{5B509D3F-99CD-44E0-BEC4-591C3096D61B}.Debug|ARM64.Build.0 = Debug|Any CPU
		{5B509D3F-99CD-44E0-BEC4-591C3096D61B}.Debug|x64.ActiveCfg = Debug|Any CPU
		{5B509D3F-99CD-44E0-BEC4-591C3096D61B}.Debug|x64.Build.0 = Debug|Any CPU
		{5B509D3F-99CD-44E0-BEC4-591C3096D61B}.Debug|x86.ActiveCfg = Debug|Any CPU
		{5B509D3F-99CD-44E0-BEC4-591C3096D61B}.Debug|x86.Build.0 = Debug|Any CPU
		{5B509D3F-99CD-44E0-BEC4-591C3096D61B}.Release|Any CPU.ActiveCfg = Release|Any CPU
		{5B509D3F-99CD-44E0-BEC4-591C3096D61B}.Release|Any CPU.Build.0 = Release|Any CPU
		{5B509D3F-99CD-44E0-BEC4-591C3096D61B}.Release|ARM.ActiveCfg = Release|Any CPU
		{5B509D3F-99CD-44E0-BEC4-591C3096D61B}.Release|ARM.Build.0 = Release|Any CPU
		{5B509D3F-99CD-44E0-BEC4-591C3096D61B}.Release|ARM64.ActiveCfg = Release|Any CPU
		{5B509D3F-99CD-44E0-BEC4-591C3096D61B}.Release|ARM64.Build.0 = Release|Any CPU
		{5B509D3F-99CD-44E0-BEC4-591C3096D61B}.Release|x64.ActiveCfg = Release|Any CPU
		{5B509D3F-99CD-44E0-BEC4-591C3096D61B}.Release|x64.Build.0 = Release|Any CPU
		{5B509D3F-99CD-44E0-BEC4-591C3096D61B}.Release|x86.ActiveCfg = Release|Any CPU
		{5B509D3F-99CD-44E0-BEC4-591C3096D61B}.Release|x86.Build.0 = Release|Any CPU
		{84567206-3947-4278-8E22-651D657CAFA4}.Debug|Any CPU.ActiveCfg = Debug|Any CPU
		{84567206-3947-4278-8E22-651D657CAFA4}.Debug|Any CPU.Build.0 = Debug|Any CPU
		{84567206-3947-4278-8E22-651D657CAFA4}.Debug|ARM.ActiveCfg = Debug|Any CPU
		{84567206-3947-4278-8E22-651D657CAFA4}.Debug|ARM.Build.0 = Debug|Any CPU
		{84567206-3947-4278-8E22-651D657CAFA4}.Debug|ARM64.ActiveCfg = Debug|Any CPU
		{84567206-3947-4278-8E22-651D657CAFA4}.Debug|ARM64.Build.0 = Debug|Any CPU
		{84567206-3947-4278-8E22-651D657CAFA4}.Debug|x64.ActiveCfg = Debug|Any CPU
		{84567206-3947-4278-8E22-651D657CAFA4}.Debug|x64.Build.0 = Debug|Any CPU
		{84567206-3947-4278-8E22-651D657CAFA4}.Debug|x86.ActiveCfg = Debug|Any CPU
		{84567206-3947-4278-8E22-651D657CAFA4}.Debug|x86.Build.0 = Debug|Any CPU
		{84567206-3947-4278-8E22-651D657CAFA4}.Release|Any CPU.ActiveCfg = Release|Any CPU
		{84567206-3947-4278-8E22-651D657CAFA4}.Release|Any CPU.Build.0 = Release|Any CPU
		{84567206-3947-4278-8E22-651D657CAFA4}.Release|ARM.ActiveCfg = Release|Any CPU
		{84567206-3947-4278-8E22-651D657CAFA4}.Release|ARM.Build.0 = Release|Any CPU
		{84567206-3947-4278-8E22-651D657CAFA4}.Release|ARM64.ActiveCfg = Release|Any CPU
		{84567206-3947-4278-8E22-651D657CAFA4}.Release|ARM64.Build.0 = Release|Any CPU
		{84567206-3947-4278-8E22-651D657CAFA4}.Release|x64.ActiveCfg = Release|Any CPU
		{84567206-3947-4278-8E22-651D657CAFA4}.Release|x64.Build.0 = Release|Any CPU
		{84567206-3947-4278-8E22-651D657CAFA4}.Release|x86.ActiveCfg = Release|Any CPU
		{84567206-3947-4278-8E22-651D657CAFA4}.Release|x86.Build.0 = Release|Any CPU
		{C12FF5DE-C9F1-4A7F-8B6B-0C0AB9159ED0}.Debug|Any CPU.ActiveCfg = Debug|Any CPU
		{C12FF5DE-C9F1-4A7F-8B6B-0C0AB9159ED0}.Debug|Any CPU.Build.0 = Debug|Any CPU
		{C12FF5DE-C9F1-4A7F-8B6B-0C0AB9159ED0}.Debug|ARM.ActiveCfg = Debug|Any CPU
		{C12FF5DE-C9F1-4A7F-8B6B-0C0AB9159ED0}.Debug|ARM.Build.0 = Debug|Any CPU
		{C12FF5DE-C9F1-4A7F-8B6B-0C0AB9159ED0}.Debug|ARM64.ActiveCfg = Debug|Any CPU
		{C12FF5DE-C9F1-4A7F-8B6B-0C0AB9159ED0}.Debug|ARM64.Build.0 = Debug|Any CPU
		{C12FF5DE-C9F1-4A7F-8B6B-0C0AB9159ED0}.Debug|x64.ActiveCfg = Debug|Any CPU
		{C12FF5DE-C9F1-4A7F-8B6B-0C0AB9159ED0}.Debug|x64.Build.0 = Debug|Any CPU
		{C12FF5DE-C9F1-4A7F-8B6B-0C0AB9159ED0}.Debug|x86.ActiveCfg = Debug|Any CPU
		{C12FF5DE-C9F1-4A7F-8B6B-0C0AB9159ED0}.Debug|x86.Build.0 = Debug|Any CPU
		{C12FF5DE-C9F1-4A7F-8B6B-0C0AB9159ED0}.Release|Any CPU.ActiveCfg = Release|Any CPU
		{C12FF5DE-C9F1-4A7F-8B6B-0C0AB9159ED0}.Release|Any CPU.Build.0 = Release|Any CPU
		{C12FF5DE-C9F1-4A7F-8B6B-0C0AB9159ED0}.Release|ARM.ActiveCfg = Release|Any CPU
		{C12FF5DE-C9F1-4A7F-8B6B-0C0AB9159ED0}.Release|ARM.Build.0 = Release|Any CPU
		{C12FF5DE-C9F1-4A7F-8B6B-0C0AB9159ED0}.Release|ARM64.ActiveCfg = Release|Any CPU
		{C12FF5DE-C9F1-4A7F-8B6B-0C0AB9159ED0}.Release|ARM64.Build.0 = Release|Any CPU
		{C12FF5DE-C9F1-4A7F-8B6B-0C0AB9159ED0}.Release|x64.ActiveCfg = Release|Any CPU
		{C12FF5DE-C9F1-4A7F-8B6B-0C0AB9159ED0}.Release|x64.Build.0 = Release|Any CPU
		{C12FF5DE-C9F1-4A7F-8B6B-0C0AB9159ED0}.Release|x86.ActiveCfg = Release|Any CPU
		{C12FF5DE-C9F1-4A7F-8B6B-0C0AB9159ED0}.Release|x86.Build.0 = Release|Any CPU
		{00B52F37-94B1-40A9-9168-2AFB511F88CD}.Debug|Any CPU.ActiveCfg = Debug|Any CPU
		{00B52F37-94B1-40A9-9168-2AFB511F88CD}.Debug|Any CPU.Build.0 = Debug|Any CPU
		{00B52F37-94B1-40A9-9168-2AFB511F88CD}.Debug|ARM.ActiveCfg = Debug|Any CPU
		{00B52F37-94B1-40A9-9168-2AFB511F88CD}.Debug|ARM.Build.0 = Debug|Any CPU
		{00B52F37-94B1-40A9-9168-2AFB511F88CD}.Debug|ARM64.ActiveCfg = Debug|Any CPU
		{00B52F37-94B1-40A9-9168-2AFB511F88CD}.Debug|ARM64.Build.0 = Debug|Any CPU
		{00B52F37-94B1-40A9-9168-2AFB511F88CD}.Debug|x64.ActiveCfg = Debug|Any CPU
		{00B52F37-94B1-40A9-9168-2AFB511F88CD}.Debug|x64.Build.0 = Debug|Any CPU
		{00B52F37-94B1-40A9-9168-2AFB511F88CD}.Debug|x86.ActiveCfg = Debug|Any CPU
		{00B52F37-94B1-40A9-9168-2AFB511F88CD}.Debug|x86.Build.0 = Debug|Any CPU
		{00B52F37-94B1-40A9-9168-2AFB511F88CD}.Release|Any CPU.ActiveCfg = Release|Any CPU
		{00B52F37-94B1-40A9-9168-2AFB511F88CD}.Release|Any CPU.Build.0 = Release|Any CPU
		{00B52F37-94B1-40A9-9168-2AFB511F88CD}.Release|ARM.ActiveCfg = Release|Any CPU
		{00B52F37-94B1-40A9-9168-2AFB511F88CD}.Release|ARM.Build.0 = Release|Any CPU
		{00B52F37-94B1-40A9-9168-2AFB511F88CD}.Release|ARM64.ActiveCfg = Release|Any CPU
		{00B52F37-94B1-40A9-9168-2AFB511F88CD}.Release|ARM64.Build.0 = Release|Any CPU
		{00B52F37-94B1-40A9-9168-2AFB511F88CD}.Release|x64.ActiveCfg = Release|Any CPU
		{00B52F37-94B1-40A9-9168-2AFB511F88CD}.Release|x64.Build.0 = Release|Any CPU
		{00B52F37-94B1-40A9-9168-2AFB511F88CD}.Release|x86.ActiveCfg = Release|Any CPU
		{00B52F37-94B1-40A9-9168-2AFB511F88CD}.Release|x86.Build.0 = Release|Any CPU
		{C63D227F-F747-49ED-8BC6-05286E333B02}.Debug|Any CPU.ActiveCfg = Debug|Any CPU
		{C63D227F-F747-49ED-8BC6-05286E333B02}.Debug|Any CPU.Build.0 = Debug|Any CPU
		{C63D227F-F747-49ED-8BC6-05286E333B02}.Debug|ARM.ActiveCfg = Debug|Any CPU
		{C63D227F-F747-49ED-8BC6-05286E333B02}.Debug|ARM.Build.0 = Debug|Any CPU
		{C63D227F-F747-49ED-8BC6-05286E333B02}.Debug|ARM64.ActiveCfg = Debug|Any CPU
		{C63D227F-F747-49ED-8BC6-05286E333B02}.Debug|ARM64.Build.0 = Debug|Any CPU
		{C63D227F-F747-49ED-8BC6-05286E333B02}.Debug|x64.ActiveCfg = Debug|Any CPU
		{C63D227F-F747-49ED-8BC6-05286E333B02}.Debug|x64.Build.0 = Debug|Any CPU
		{C63D227F-F747-49ED-8BC6-05286E333B02}.Debug|x86.ActiveCfg = Debug|Any CPU
		{C63D227F-F747-49ED-8BC6-05286E333B02}.Debug|x86.Build.0 = Debug|Any CPU
		{C63D227F-F747-49ED-8BC6-05286E333B02}.Release|Any CPU.ActiveCfg = Release|Any CPU
		{C63D227F-F747-49ED-8BC6-05286E333B02}.Release|Any CPU.Build.0 = Release|Any CPU
		{C63D227F-F747-49ED-8BC6-05286E333B02}.Release|ARM.ActiveCfg = Release|Any CPU
		{C63D227F-F747-49ED-8BC6-05286E333B02}.Release|ARM.Build.0 = Release|Any CPU
		{C63D227F-F747-49ED-8BC6-05286E333B02}.Release|ARM64.ActiveCfg = Release|Any CPU
		{C63D227F-F747-49ED-8BC6-05286E333B02}.Release|ARM64.Build.0 = Release|Any CPU
		{C63D227F-F747-49ED-8BC6-05286E333B02}.Release|x64.ActiveCfg = Release|Any CPU
		{C63D227F-F747-49ED-8BC6-05286E333B02}.Release|x64.Build.0 = Release|Any CPU
		{C63D227F-F747-49ED-8BC6-05286E333B02}.Release|x86.ActiveCfg = Release|Any CPU
		{C63D227F-F747-49ED-8BC6-05286E333B02}.Release|x86.Build.0 = Release|Any CPU
		{4E720C40-9608-4C4E-B2E6-ADDF51FAE62F}.Debug|Any CPU.ActiveCfg = Debug|Any CPU
		{4E720C40-9608-4C4E-B2E6-ADDF51FAE62F}.Debug|Any CPU.Build.0 = Debug|Any CPU
		{4E720C40-9608-4C4E-B2E6-ADDF51FAE62F}.Debug|ARM.ActiveCfg = Debug|Any CPU
		{4E720C40-9608-4C4E-B2E6-ADDF51FAE62F}.Debug|ARM.Build.0 = Debug|Any CPU
		{4E720C40-9608-4C4E-B2E6-ADDF51FAE62F}.Debug|ARM64.ActiveCfg = Debug|Any CPU
		{4E720C40-9608-4C4E-B2E6-ADDF51FAE62F}.Debug|ARM64.Build.0 = Debug|Any CPU
		{4E720C40-9608-4C4E-B2E6-ADDF51FAE62F}.Debug|x64.ActiveCfg = Debug|Any CPU
		{4E720C40-9608-4C4E-B2E6-ADDF51FAE62F}.Debug|x64.Build.0 = Debug|Any CPU
		{4E720C40-9608-4C4E-B2E6-ADDF51FAE62F}.Debug|x86.ActiveCfg = Debug|Any CPU
		{4E720C40-9608-4C4E-B2E6-ADDF51FAE62F}.Debug|x86.Build.0 = Debug|Any CPU
		{4E720C40-9608-4C4E-B2E6-ADDF51FAE62F}.Release|Any CPU.ActiveCfg = Release|Any CPU
		{4E720C40-9608-4C4E-B2E6-ADDF51FAE62F}.Release|Any CPU.Build.0 = Release|Any CPU
		{4E720C40-9608-4C4E-B2E6-ADDF51FAE62F}.Release|ARM.ActiveCfg = Release|Any CPU
		{4E720C40-9608-4C4E-B2E6-ADDF51FAE62F}.Release|ARM.Build.0 = Release|Any CPU
		{4E720C40-9608-4C4E-B2E6-ADDF51FAE62F}.Release|ARM64.ActiveCfg = Release|Any CPU
		{4E720C40-9608-4C4E-B2E6-ADDF51FAE62F}.Release|ARM64.Build.0 = Release|Any CPU
		{4E720C40-9608-4C4E-B2E6-ADDF51FAE62F}.Release|x64.ActiveCfg = Release|Any CPU
		{4E720C40-9608-4C4E-B2E6-ADDF51FAE62F}.Release|x64.Build.0 = Release|Any CPU
		{4E720C40-9608-4C4E-B2E6-ADDF51FAE62F}.Release|x86.ActiveCfg = Release|Any CPU
		{4E720C40-9608-4C4E-B2E6-ADDF51FAE62F}.Release|x86.Build.0 = Release|Any CPU
		{FFA19EDB-00B0-4A6E-AC8E-BD87597601EE}.Debug|Any CPU.ActiveCfg = Debug|Any CPU
		{FFA19EDB-00B0-4A6E-AC8E-BD87597601EE}.Debug|Any CPU.Build.0 = Debug|Any CPU
		{FFA19EDB-00B0-4A6E-AC8E-BD87597601EE}.Debug|ARM.ActiveCfg = Debug|Any CPU
		{FFA19EDB-00B0-4A6E-AC8E-BD87597601EE}.Debug|ARM.Build.0 = Debug|Any CPU
		{FFA19EDB-00B0-4A6E-AC8E-BD87597601EE}.Debug|ARM64.ActiveCfg = Debug|Any CPU
		{FFA19EDB-00B0-4A6E-AC8E-BD87597601EE}.Debug|ARM64.Build.0 = Debug|Any CPU
		{FFA19EDB-00B0-4A6E-AC8E-BD87597601EE}.Debug|x64.ActiveCfg = Debug|Any CPU
		{FFA19EDB-00B0-4A6E-AC8E-BD87597601EE}.Debug|x64.Build.0 = Debug|Any CPU
		{FFA19EDB-00B0-4A6E-AC8E-BD87597601EE}.Debug|x86.ActiveCfg = Debug|Any CPU
		{FFA19EDB-00B0-4A6E-AC8E-BD87597601EE}.Debug|x86.Build.0 = Debug|Any CPU
		{FFA19EDB-00B0-4A6E-AC8E-BD87597601EE}.Release|Any CPU.ActiveCfg = Release|Any CPU
		{FFA19EDB-00B0-4A6E-AC8E-BD87597601EE}.Release|Any CPU.Build.0 = Release|Any CPU
		{FFA19EDB-00B0-4A6E-AC8E-BD87597601EE}.Release|ARM.ActiveCfg = Release|Any CPU
		{FFA19EDB-00B0-4A6E-AC8E-BD87597601EE}.Release|ARM.Build.0 = Release|Any CPU
		{FFA19EDB-00B0-4A6E-AC8E-BD87597601EE}.Release|ARM64.ActiveCfg = Release|Any CPU
		{FFA19EDB-00B0-4A6E-AC8E-BD87597601EE}.Release|ARM64.Build.0 = Release|Any CPU
		{FFA19EDB-00B0-4A6E-AC8E-BD87597601EE}.Release|x64.ActiveCfg = Release|Any CPU
		{FFA19EDB-00B0-4A6E-AC8E-BD87597601EE}.Release|x64.Build.0 = Release|Any CPU
		{FFA19EDB-00B0-4A6E-AC8E-BD87597601EE}.Release|x86.ActiveCfg = Release|Any CPU
		{FFA19EDB-00B0-4A6E-AC8E-BD87597601EE}.Release|x86.Build.0 = Release|Any CPU
		{4B021977-FA50-49A0-AC58-BFA3F34FCBD0}.Debug|Any CPU.ActiveCfg = Debug|Any CPU
		{4B021977-FA50-49A0-AC58-BFA3F34FCBD0}.Debug|Any CPU.Build.0 = Debug|Any CPU
		{4B021977-FA50-49A0-AC58-BFA3F34FCBD0}.Debug|ARM.ActiveCfg = Debug|Any CPU
		{4B021977-FA50-49A0-AC58-BFA3F34FCBD0}.Debug|ARM.Build.0 = Debug|Any CPU
		{4B021977-FA50-49A0-AC58-BFA3F34FCBD0}.Debug|ARM64.ActiveCfg = Debug|Any CPU
		{4B021977-FA50-49A0-AC58-BFA3F34FCBD0}.Debug|ARM64.Build.0 = Debug|Any CPU
		{4B021977-FA50-49A0-AC58-BFA3F34FCBD0}.Debug|x64.ActiveCfg = Debug|Any CPU
		{4B021977-FA50-49A0-AC58-BFA3F34FCBD0}.Debug|x64.Build.0 = Debug|Any CPU
		{4B021977-FA50-49A0-AC58-BFA3F34FCBD0}.Debug|x86.ActiveCfg = Debug|Any CPU
		{4B021977-FA50-49A0-AC58-BFA3F34FCBD0}.Debug|x86.Build.0 = Debug|Any CPU
		{4B021977-FA50-49A0-AC58-BFA3F34FCBD0}.Release|Any CPU.ActiveCfg = Release|Any CPU
		{4B021977-FA50-49A0-AC58-BFA3F34FCBD0}.Release|Any CPU.Build.0 = Release|Any CPU
		{4B021977-FA50-49A0-AC58-BFA3F34FCBD0}.Release|ARM.ActiveCfg = Release|Any CPU
		{4B021977-FA50-49A0-AC58-BFA3F34FCBD0}.Release|ARM.Build.0 = Release|Any CPU
		{4B021977-FA50-49A0-AC58-BFA3F34FCBD0}.Release|ARM64.ActiveCfg = Release|Any CPU
		{4B021977-FA50-49A0-AC58-BFA3F34FCBD0}.Release|ARM64.Build.0 = Release|Any CPU
		{4B021977-FA50-49A0-AC58-BFA3F34FCBD0}.Release|x64.ActiveCfg = Release|Any CPU
		{4B021977-FA50-49A0-AC58-BFA3F34FCBD0}.Release|x64.Build.0 = Release|Any CPU
		{4B021977-FA50-49A0-AC58-BFA3F34FCBD0}.Release|x86.ActiveCfg = Release|Any CPU
		{4B021977-FA50-49A0-AC58-BFA3F34FCBD0}.Release|x86.Build.0 = Release|Any CPU
		{88702617-9323-40CC-8208-07A378D9E823}.Debug|Any CPU.ActiveCfg = Debug|Any CPU
		{88702617-9323-40CC-8208-07A378D9E823}.Debug|Any CPU.Build.0 = Debug|Any CPU
		{88702617-9323-40CC-8208-07A378D9E823}.Debug|ARM.ActiveCfg = Debug|Any CPU
		{88702617-9323-40CC-8208-07A378D9E823}.Debug|ARM.Build.0 = Debug|Any CPU
		{88702617-9323-40CC-8208-07A378D9E823}.Debug|ARM64.ActiveCfg = Debug|Any CPU
		{88702617-9323-40CC-8208-07A378D9E823}.Debug|ARM64.Build.0 = Debug|Any CPU
		{88702617-9323-40CC-8208-07A378D9E823}.Debug|x64.ActiveCfg = Debug|Any CPU
		{88702617-9323-40CC-8208-07A378D9E823}.Debug|x64.Build.0 = Debug|Any CPU
		{88702617-9323-40CC-8208-07A378D9E823}.Debug|x86.ActiveCfg = Debug|Any CPU
		{88702617-9323-40CC-8208-07A378D9E823}.Debug|x86.Build.0 = Debug|Any CPU
		{88702617-9323-40CC-8208-07A378D9E823}.Release|Any CPU.ActiveCfg = Release|Any CPU
		{88702617-9323-40CC-8208-07A378D9E823}.Release|Any CPU.Build.0 = Release|Any CPU
		{88702617-9323-40CC-8208-07A378D9E823}.Release|ARM.ActiveCfg = Release|Any CPU
		{88702617-9323-40CC-8208-07A378D9E823}.Release|ARM.Build.0 = Release|Any CPU
		{88702617-9323-40CC-8208-07A378D9E823}.Release|ARM64.ActiveCfg = Release|Any CPU
		{88702617-9323-40CC-8208-07A378D9E823}.Release|ARM64.Build.0 = Release|Any CPU
		{88702617-9323-40CC-8208-07A378D9E823}.Release|x64.ActiveCfg = Release|Any CPU
		{88702617-9323-40CC-8208-07A378D9E823}.Release|x64.Build.0 = Release|Any CPU
		{88702617-9323-40CC-8208-07A378D9E823}.Release|x86.ActiveCfg = Release|Any CPU
		{88702617-9323-40CC-8208-07A378D9E823}.Release|x86.Build.0 = Release|Any CPU
	EndGlobalSection
	GlobalSection(SolutionProperties) = preSolution
		HideSolutionNode = FALSE
	EndGlobalSection
	GlobalSection(NestedProjects) = preSolution
		{E38566F8-A449-4E97-AF5E-D5B50A5FF910} = {60337BAF-0BEF-44E8-99AA-5EB742100C9B}
		{984A1DB1-08F4-4BFD-8FCE-B78C97BBB83F} = {C1BC67B0-D3E5-4E39-B51B-277DEBF16BFE}
		{78FCBDD7-F840-449E-9A6F-4F86889DB2A7} = {C1BC67B0-D3E5-4E39-B51B-277DEBF16BFE}
		{5924AE58-934E-461B-9B7E-F7BF796AECD6} = {E5C5C6A1-DABE-4ACE-B83D-A636F1D2A5F6}
		{6C1E0DD0-28FD-4A9A-B4EF-76BD0C603744} = {C1BC67B0-D3E5-4E39-B51B-277DEBF16BFE}
		{BFD18304-B910-4652-9208-384492B8EF81} = {6C1E0DD0-28FD-4A9A-B4EF-76BD0C603744}
		{8FF1CDCB-02F4-41D7-BE1E-69C93E2E9E96} = {C1BC67B0-D3E5-4E39-B51B-277DEBF16BFE}
		{BC7E3727-5A66-4475-B135-40382C3EE841} = {6C1E0DD0-28FD-4A9A-B4EF-76BD0C603744}
		{361BD130-12A3-4BD0-B08E-88BF32C41891} = {60337BAF-0BEF-44E8-99AA-5EB742100C9B}
		{A2FB9200-D863-4210-BB33-E2AC2B339E14} = {C1BC67B0-D3E5-4E39-B51B-277DEBF16BFE}
		{9C7C95D6-1C0F-4AEB-90F3-047E24034952} = {A2FB9200-D863-4210-BB33-E2AC2B339E14}
		{DA522546-9AC7-47E5-B40E-17B0CFEF3726} = {E5C5C6A1-DABE-4ACE-B83D-A636F1D2A5F6}
		{1B59678A-61E7-4958-8F6C-131D05595EA6} = {505167BC-AEA4-4B17-B7F5-88DC8169FD71}
		{5B509D3F-99CD-44E0-BEC4-591C3096D61B} = {6C1E0DD0-28FD-4A9A-B4EF-76BD0C603744}
		{C12FF5DE-C9F1-4A7F-8B6B-0C0AB9159ED0} = {6C1E0DD0-28FD-4A9A-B4EF-76BD0C603744}
		{02EA681E-C7D8-13C7-8484-4AC65E1B71E8} = {C1BC67B0-D3E5-4E39-B51B-277DEBF16BFE}
		{00B52F37-94B1-40A9-9168-2AFB511F88CD} = {02EA681E-C7D8-13C7-8484-4AC65E1B71E8}
		{4D20E765-394D-4D08-9711-1F965614D35D} = {C1BC67B0-D3E5-4E39-B51B-277DEBF16BFE}
		{C63D227F-F747-49ED-8BC6-05286E333B02} = {4D20E765-394D-4D08-9711-1F965614D35D}
		{4E720C40-9608-4C4E-B2E6-ADDF51FAE62F} = {4D20E765-394D-4D08-9711-1F965614D35D}
		{03591898-7DC8-43A7-B3D3-AB515175B9A3} = {C1BC67B0-D3E5-4E39-B51B-277DEBF16BFE}
		{FFA19EDB-00B0-4A6E-AC8E-BD87597601EE} = {03591898-7DC8-43A7-B3D3-AB515175B9A3}
		{4B021977-FA50-49A0-AC58-BFA3F34FCBD0} = {03591898-7DC8-43A7-B3D3-AB515175B9A3}
		{88702617-9323-40CC-8208-07A378D9E823} = {02EA681E-C7D8-13C7-8484-4AC65E1B71E8}
	EndGlobalSection
	GlobalSection(ExtensibilityGlobals) = postSolution
		SolutionGuid = {3EBBAD61-81A3-4A7E-8737-48277F9A45EB}
	EndGlobalSection
EndGlobal
